// !$*UTF8*$!
{
	archiveVersion = 1;
	classes = {
	};
	objectVersion = 56;
	objects = {

/* Begin PBXBuildFile section */
		3F6924497E0B1F9AE58CD5B8 /* Pods_StellarRideTests.framework in Frameworks */ = {isa = PBXBuildFile; fileRef = 3EB811A929E7F2DEC4A9506B /* Pods_StellarRideTests.framework */; };
		5E77D1BB5F5AF917746480ED /* Pods_StellarRide_StellarRideUITests.framework in Frameworks */ = {isa = PBXBuildFile; fileRef = F84F5EC088D6F55A2B4861A1 /* Pods_StellarRide_StellarRideUITests.framework */; };
		78192E4D64A186323C027083 /* Pods_StellarRide.framework in Frameworks */ = {isa = PBXBuildFile; fileRef = 03CB8F183ADC12C8E5F706B4 /* Pods_StellarRide.framework */; };
		C9695E762A23F1950026D5FD /* locationCard.swift in Sources */ = {isa = PBXBuildFile; fileRef = C9695E752A23F1950026D5FD /* locationCard.swift */; };
		C9695EAE2A23F8610026D5FD /* TimeSlots.swift in Sources */ = {isa = PBXBuildFile; fileRef = C9695EAD2A23F8610026D5FD /* TimeSlots.swift */; };
		C9695EB02A24083C0026D5FD /* FaceId.swift in Sources */ = {isa = PBXBuildFile; fileRef = C9695EAF2A24083C0026D5FD /* FaceId.swift */; };
		C98BDAA82A22A0540084143B /* StellarRideApp.swift in Sources */ = {isa = PBXBuildFile; fileRef = C98BDAA72A22A0540084143B /* StellarRideApp.swift */; };
		C98BDAAA2A22A0540084143B /* ContentView.swift in Sources */ = {isa = PBXBuildFile; fileRef = C98BDAA92A22A0540084143B /* ContentView.swift */; };
		C98BDAAC2A22A0550084143B /* Assets.xcassets in Resources */ = {isa = PBXBuildFile; fileRef = C98BDAAB2A22A0550084143B /* Assets.xcassets */; };
		C98BDAAF2A22A0550084143B /* Preview Assets.xcassets in Resources */ = {isa = PBXBuildFile; fileRef = C98BDAAE2A22A0550084143B /* Preview Assets.xcassets */; };
		C98BDAB92A22A0550084143B /* StellarRideTests.swift in Sources */ = {isa = PBXBuildFile; fileRef = C98BDAB82A22A0550084143B /* StellarRideTests.swift */; };
		C98BDAC32A22A0550084143B /* StellarRideUITests.swift in Sources */ = {isa = PBXBuildFile; fileRef = C98BDAC22A22A0550084143B /* StellarRideUITests.swift */; };
		C98BDAC52A22A0550084143B /* StellarRideUITestsLaunchTests.swift in Sources */ = {isa = PBXBuildFile; fileRef = C98BDAC42A22A0550084143B /* StellarRideUITestsLaunchTests.swift */; };
		C9A982572A22FB9A000AEF19 /* HScroll.swift in Sources */ = {isa = PBXBuildFile; fileRef = C9A982562A22FB9A000AEF19 /* HScroll.swift */; };
		C9A982592A22FC57000AEF19 /* VScroll.swift in Sources */ = {isa = PBXBuildFile; fileRef = C9A982582A22FC57000AEF19 /* VScroll.swift */; };
		C9A9825B2A235E68000AEF19 /* SchedulingPage.swift in Sources */ = {isa = PBXBuildFile; fileRef = C9A9825A2A235E68000AEF19 /* SchedulingPage.swift */; };
		C9A9825D2A2364AD000AEF19 /* TopBar2.swift in Sources */ = {isa = PBXBuildFile; fileRef = C9A9825C2A2364AD000AEF19 /* TopBar2.swift */; };
		C9A9825F2A236A32000AEF19 /* Weather.swift in Sources */ = {isa = PBXBuildFile; fileRef = C9A9825E2A236A32000AEF19 /* Weather.swift */; };
		C9A982672A239144000AEF19 /* Loading.swift in Sources */ = {isa = PBXBuildFile; fileRef = C9A982662A239144000AEF19 /* Loading.swift */; };
		C9A982692A23B916000AEF19 /* ScheduleTrip.swift in Sources */ = {isa = PBXBuildFile; fileRef = C9A982682A23B916000AEF19 /* ScheduleTrip.swift */; };
		C9A9826B2A23BB80000AEF19 /* CalendarView.swift in Sources */ = {isa = PBXBuildFile; fileRef = C9A9826A2A23BB80000AEF19 /* CalendarView.swift */; };
		C9A9826E2A23BEF3000AEF19 /* SwiftUICalendar in Frameworks */ = {isa = PBXBuildFile; productRef = C9A9826D2A23BEF3000AEF19 /* SwiftUICalendar */; };
		C9A982702A23C258000AEF19 /* BookingSeats.swift in Sources */ = {isa = PBXBuildFile; fileRef = C9A9826F2A23C258000AEF19 /* BookingSeats.swift */; };
		C9B2308E2A22AED100AEEF7B /* ContentView2.swift in Sources */ = {isa = PBXBuildFile; fileRef = C9B2308D2A22AED100AEEF7B /* ContentView2.swift */; };
		C9B230912A22BE2400AEEF7B /* TopBar.swift in Sources */ = {isa = PBXBuildFile; fileRef = C9B230902A22BE2400AEEF7B /* TopBar.swift */; };
		C9B230932A22BF2B00AEEF7B /* UICard.swift in Sources */ = {isa = PBXBuildFile; fileRef = C9B230922A22BF2B00AEEF7B /* UICard.swift */; };
		C9B230952A22C94A00AEEF7B /* DescriptionBar.swift in Sources */ = {isa = PBXBuildFile; fileRef = C9B230942A22C94A00AEEF7B /* DescriptionBar.swift */; };
		C9B230992A22D91B00AEEF7B /* TabBar.swift in Sources */ = {isa = PBXBuildFile; fileRef = C9B230982A22D91B00AEEF7B /* TabBar.swift */; };
/* End PBXBuildFile section */

/* Begin PBXContainerItemProxy section */
		C98BDAB52A22A0550084143B /* PBXContainerItemProxy */ = {
			isa = PBXContainerItemProxy;
			containerPortal = C98BDA9C2A22A0540084143B /* Project object */;
			proxyType = 1;
			remoteGlobalIDString = C98BDAA32A22A0540084143B;
			remoteInfo = StellarRide;
		};
		C98BDABF2A22A0550084143B /* PBXContainerItemProxy */ = {
			isa = PBXContainerItemProxy;
			containerPortal = C98BDA9C2A22A0540084143B /* Project object */;
			proxyType = 1;
			remoteGlobalIDString = C98BDAA32A22A0540084143B;
			remoteInfo = StellarRide;
		};
/* End PBXContainerItemProxy section */

/* Begin PBXFileReference section */
		03CB8F183ADC12C8E5F706B4 /* Pods_StellarRide.framework */ = {isa = PBXFileReference; explicitFileType = wrapper.framework; includeInIndex = 0; path = Pods_StellarRide.framework; sourceTree = BUILT_PRODUCTS_DIR; };
		1C98AA1508E46EAFD29AFBEB /* Pods-StellarRideTests.debug.xcconfig */ = {isa = PBXFileReference; includeInIndex = 1; lastKnownFileType = text.xcconfig; name = "Pods-StellarRideTests.debug.xcconfig"; path = "Target Support Files/Pods-StellarRideTests/Pods-StellarRideTests.debug.xcconfig"; sourceTree = "<group>"; };
		39D0FD63D9AE6B5C319B1414 /* Pods-StellarRideTests.release.xcconfig */ = {isa = PBXFileReference; includeInIndex = 1; lastKnownFileType = text.xcconfig; name = "Pods-StellarRideTests.release.xcconfig"; path = "Target Support Files/Pods-StellarRideTests/Pods-StellarRideTests.release.xcconfig"; sourceTree = "<group>"; };
		3EB811A929E7F2DEC4A9506B /* Pods_StellarRideTests.framework */ = {isa = PBXFileReference; explicitFileType = wrapper.framework; includeInIndex = 0; path = Pods_StellarRideTests.framework; sourceTree = BUILT_PRODUCTS_DIR; };
		82F339165D6444BD1371DB6E /* Pods-StellarRide-StellarRideUITests.debug.xcconfig */ = {isa = PBXFileReference; includeInIndex = 1; lastKnownFileType = text.xcconfig; name = "Pods-StellarRide-StellarRideUITests.debug.xcconfig"; path = "Target Support Files/Pods-StellarRide-StellarRideUITests/Pods-StellarRide-StellarRideUITests.debug.xcconfig"; sourceTree = "<group>"; };
		C9695E752A23F1950026D5FD /* locationCard.swift */ = {isa = PBXFileReference; lastKnownFileType = sourcecode.swift; path = locationCard.swift; sourceTree = "<group>"; };
		C9695EAD2A23F8610026D5FD /* TimeSlots.swift */ = {isa = PBXFileReference; lastKnownFileType = sourcecode.swift; path = TimeSlots.swift; sourceTree = "<group>"; };
		C9695EAF2A24083C0026D5FD /* FaceId.swift */ = {isa = PBXFileReference; lastKnownFileType = sourcecode.swift; path = FaceId.swift; sourceTree = "<group>"; };
		C98BDAA42A22A0540084143B /* StellarRide.app */ = {isa = PBXFileReference; explicitFileType = wrapper.application; includeInIndex = 0; path = StellarRide.app; sourceTree = BUILT_PRODUCTS_DIR; };
		C98BDAA72A22A0540084143B /* StellarRideApp.swift */ = {isa = PBXFileReference; lastKnownFileType = sourcecode.swift; path = StellarRideApp.swift; sourceTree = "<group>"; };
		C98BDAA92A22A0540084143B /* ContentView.swift */ = {isa = PBXFileReference; lastKnownFileType = sourcecode.swift; path = ContentView.swift; sourceTree = "<group>"; };
		C98BDAAB2A22A0550084143B /* Assets.xcassets */ = {isa = PBXFileReference; lastKnownFileType = folder.assetcatalog; path = Assets.xcassets; sourceTree = "<group>"; };
		C98BDAAE2A22A0550084143B /* Preview Assets.xcassets */ = {isa = PBXFileReference; lastKnownFileType = folder.assetcatalog; path = "Preview Assets.xcassets"; sourceTree = "<group>"; };
		C98BDAB42A22A0550084143B /* StellarRideTests.xctest */ = {isa = PBXFileReference; explicitFileType = wrapper.cfbundle; includeInIndex = 0; path = StellarRideTests.xctest; sourceTree = BUILT_PRODUCTS_DIR; };
		C98BDAB82A22A0550084143B /* StellarRideTests.swift */ = {isa = PBXFileReference; lastKnownFileType = sourcecode.swift; path = StellarRideTests.swift; sourceTree = "<group>"; };
		C98BDABE2A22A0550084143B /* StellarRideUITests.xctest */ = {isa = PBXFileReference; explicitFileType = wrapper.cfbundle; includeInIndex = 0; path = StellarRideUITests.xctest; sourceTree = BUILT_PRODUCTS_DIR; };
		C98BDAC22A22A0550084143B /* StellarRideUITests.swift */ = {isa = PBXFileReference; lastKnownFileType = sourcecode.swift; path = StellarRideUITests.swift; sourceTree = "<group>"; };
		C98BDAC42A22A0550084143B /* StellarRideUITestsLaunchTests.swift */ = {isa = PBXFileReference; lastKnownFileType = sourcecode.swift; path = StellarRideUITestsLaunchTests.swift; sourceTree = "<group>"; };
		C9A982562A22FB9A000AEF19 /* HScroll.swift */ = {isa = PBXFileReference; lastKnownFileType = sourcecode.swift; path = HScroll.swift; sourceTree = "<group>"; };
		C9A982582A22FC57000AEF19 /* VScroll.swift */ = {isa = PBXFileReference; lastKnownFileType = sourcecode.swift; path = VScroll.swift; sourceTree = "<group>"; };
		C9A9825A2A235E68000AEF19 /* SchedulingPage.swift */ = {isa = PBXFileReference; lastKnownFileType = sourcecode.swift; path = SchedulingPage.swift; sourceTree = "<group>"; };
		C9A9825C2A2364AD000AEF19 /* TopBar2.swift */ = {isa = PBXFileReference; lastKnownFileType = sourcecode.swift; path = TopBar2.swift; sourceTree = "<group>"; };
		C9A9825E2A236A32000AEF19 /* Weather.swift */ = {isa = PBXFileReference; lastKnownFileType = sourcecode.swift; path = Weather.swift; sourceTree = "<group>"; };
		C9A982662A239144000AEF19 /* Loading.swift */ = {isa = PBXFileReference; lastKnownFileType = sourcecode.swift; path = Loading.swift; sourceTree = "<group>"; };
		C9A982682A23B916000AEF19 /* ScheduleTrip.swift */ = {isa = PBXFileReference; lastKnownFileType = sourcecode.swift; path = ScheduleTrip.swift; sourceTree = "<group>"; };
		C9A9826A2A23BB80000AEF19 /* CalendarView.swift */ = {isa = PBXFileReference; lastKnownFileType = sourcecode.swift; path = CalendarView.swift; sourceTree = "<group>"; };
		C9A9826F2A23C258000AEF19 /* BookingSeats.swift */ = {isa = PBXFileReference; lastKnownFileType = sourcecode.swift; path = BookingSeats.swift; sourceTree = "<group>"; };
		C9B2308D2A22AED100AEEF7B /* ContentView2.swift */ = {isa = PBXFileReference; lastKnownFileType = sourcecode.swift; path = ContentView2.swift; sourceTree = "<group>"; };
		C9B230902A22BE2400AEEF7B /* TopBar.swift */ = {isa = PBXFileReference; lastKnownFileType = sourcecode.swift; path = TopBar.swift; sourceTree = "<group>"; };
		C9B230922A22BF2B00AEEF7B /* UICard.swift */ = {isa = PBXFileReference; lastKnownFileType = sourcecode.swift; path = UICard.swift; sourceTree = "<group>"; };
		C9B230942A22C94A00AEEF7B /* DescriptionBar.swift */ = {isa = PBXFileReference; lastKnownFileType = sourcecode.swift; path = DescriptionBar.swift; sourceTree = "<group>"; };
		C9B230982A22D91B00AEEF7B /* TabBar.swift */ = {isa = PBXFileReference; lastKnownFileType = sourcecode.swift; path = TabBar.swift; sourceTree = "<group>"; };
		D9B562D009E6AE3EE3664E44 /* Pods-StellarRide.debug.xcconfig */ = {isa = PBXFileReference; includeInIndex = 1; lastKnownFileType = text.xcconfig; name = "Pods-StellarRide.debug.xcconfig"; path = "Target Support Files/Pods-StellarRide/Pods-StellarRide.debug.xcconfig"; sourceTree = "<group>"; };
		EEABFEB960F68C3E36BA4A46 /* Pods-StellarRide-StellarRideUITests.release.xcconfig */ = {isa = PBXFileReference; includeInIndex = 1; lastKnownFileType = text.xcconfig; name = "Pods-StellarRide-StellarRideUITests.release.xcconfig"; path = "Target Support Files/Pods-StellarRide-StellarRideUITests/Pods-StellarRide-StellarRideUITests.release.xcconfig"; sourceTree = "<group>"; };
		F5F9F610912176E383CDA7C1 /* Pods-StellarRide.release.xcconfig */ = {isa = PBXFileReference; includeInIndex = 1; lastKnownFileType = text.xcconfig; name = "Pods-StellarRide.release.xcconfig"; path = "Target Support Files/Pods-StellarRide/Pods-StellarRide.release.xcconfig"; sourceTree = "<group>"; };
		F84F5EC088D6F55A2B4861A1 /* Pods_StellarRide_StellarRideUITests.framework */ = {isa = PBXFileReference; explicitFileType = wrapper.framework; includeInIndex = 0; path = Pods_StellarRide_StellarRideUITests.framework; sourceTree = BUILT_PRODUCTS_DIR; };
/* End PBXFileReference section */

/* Begin PBXFrameworksBuildPhase section */
		C98BDAA12A22A0540084143B /* Frameworks */ = {
			isa = PBXFrameworksBuildPhase;
			buildActionMask = 2147483647;
			files = (
				C9A9826E2A23BEF3000AEF19 /* SwiftUICalendar in Frameworks */,
				78192E4D64A186323C027083 /* Pods_StellarRide.framework in Frameworks */,
			);
			runOnlyForDeploymentPostprocessing = 0;
		};
		C98BDAB12A22A0550084143B /* Frameworks */ = {
			isa = PBXFrameworksBuildPhase;
			buildActionMask = 2147483647;
			files = (
				3F6924497E0B1F9AE58CD5B8 /* Pods_StellarRideTests.framework in Frameworks */,
			);
			runOnlyForDeploymentPostprocessing = 0;
		};
		C98BDABB2A22A0550084143B /* Frameworks */ = {
			isa = PBXFrameworksBuildPhase;
			buildActionMask = 2147483647;
			files = (
				5E77D1BB5F5AF917746480ED /* Pods_StellarRide_StellarRideUITests.framework in Frameworks */,
			);
			runOnlyForDeploymentPostprocessing = 0;
		};
/* End PBXFrameworksBuildPhase section */

/* Begin PBXGroup section */
		439BA1775B92DB38A0CB3A82 /* Pods */ = {
			isa = PBXGroup;
			children = (
				D9B562D009E6AE3EE3664E44 /* Pods-StellarRide.debug.xcconfig */,
				F5F9F610912176E383CDA7C1 /* Pods-StellarRide.release.xcconfig */,
				82F339165D6444BD1371DB6E /* Pods-StellarRide-StellarRideUITests.debug.xcconfig */,
				EEABFEB960F68C3E36BA4A46 /* Pods-StellarRide-StellarRideUITests.release.xcconfig */,
				1C98AA1508E46EAFD29AFBEB /* Pods-StellarRideTests.debug.xcconfig */,
				39D0FD63D9AE6B5C319B1414 /* Pods-StellarRideTests.release.xcconfig */,
			);
			path = Pods;
			sourceTree = "<group>";
		};
		C98BDA9B2A22A0540084143B = {
			isa = PBXGroup;
			children = (
				C98BDAA62A22A0540084143B /* StellarRide */,
				C98BDAAB2A22A0550084143B /* Assets.xcassets */,
				C9B230922A22BF2B00AEEF7B /* UICard.swift */,
				C9B2308D2A22AED100AEEF7B /* ContentView2.swift */,
				C98BDAB72A22A0550084143B /* StellarRideTests */,
				C98BDAC12A22A0550084143B /* StellarRideUITests */,
				C98BDAA52A22A0540084143B /* Products */,
				439BA1775B92DB38A0CB3A82 /* Pods */,
				FA501F137A1DD9AFFE2E55CA /* Frameworks */,
			);
			sourceTree = "<group>";
		};
		C98BDAA52A22A0540084143B /* Products */ = {
			isa = PBXGroup;
			children = (
				C98BDAA42A22A0540084143B /* StellarRide.app */,
				C98BDAB42A22A0550084143B /* StellarRideTests.xctest */,
				C98BDABE2A22A0550084143B /* StellarRideUITests.xctest */,
			);
			name = Products;
			sourceTree = "<group>";
		};
		C98BDAA62A22A0540084143B /* StellarRide */ = {
			isa = PBXGroup;
			children = (
				C98BDAA72A22A0540084143B /* StellarRideApp.swift */,
				C98BDAA92A22A0540084143B /* ContentView.swift */,
				C9A9825A2A235E68000AEF19 /* SchedulingPage.swift */,
				C9A982682A23B916000AEF19 /* ScheduleTrip.swift */,
				C9A9826F2A23C258000AEF19 /* BookingSeats.swift */,
				C9695EAF2A24083C0026D5FD /* FaceId.swift */,
				C98BDAAD2A22A0550084143B /* Preview Content */,
				C9B2308F2A22BE0500AEEF7B /* UIComponents */,
			);
			path = StellarRide;
			sourceTree = "<group>";
		};
		C98BDAAD2A22A0550084143B /* Preview Content */ = {
			isa = PBXGroup;
			children = (
				C98BDAAE2A22A0550084143B /* Preview Assets.xcassets */,
			);
			path = "Preview Content";
			sourceTree = "<group>";
		};
		C98BDAB72A22A0550084143B /* StellarRideTests */ = {
			isa = PBXGroup;
			children = (
				C98BDAB82A22A0550084143B /* StellarRideTests.swift */,
			);
			path = StellarRideTests;
			sourceTree = "<group>";
		};
		C98BDAC12A22A0550084143B /* StellarRideUITests */ = {
			isa = PBXGroup;
			children = (
				C98BDAC22A22A0550084143B /* StellarRideUITests.swift */,
				C98BDAC42A22A0550084143B /* StellarRideUITestsLaunchTests.swift */,
			);
			path = StellarRideUITests;
			sourceTree = "<group>";
		};
		C9B2308F2A22BE0500AEEF7B /* UIComponents */ = {
			isa = PBXGroup;
			children = (
				C9B230902A22BE2400AEEF7B /* TopBar.swift */,
				C9A9826A2A23BB80000AEF19 /* CalendarView.swift */,
				C9A9825C2A2364AD000AEF19 /* TopBar2.swift */,
				C9A982662A239144000AEF19 /* Loading.swift */,
				C9A9825E2A236A32000AEF19 /* Weather.swift */,
				C9B230982A22D91B00AEEF7B /* TabBar.swift */,
				C9695EAD2A23F8610026D5FD /* TimeSlots.swift */,
				C9A982562A22FB9A000AEF19 /* HScroll.swift */,
				C9A982582A22FC57000AEF19 /* VScroll.swift */,
				C9B230942A22C94A00AEEF7B /* DescriptionBar.swift */,
				C9695E752A23F1950026D5FD /* locationCard.swift */,
			);
			path = UIComponents;
			sourceTree = "<group>";
		};
		FA501F137A1DD9AFFE2E55CA /* Frameworks */ = {
			isa = PBXGroup;
			children = (
				03CB8F183ADC12C8E5F706B4 /* Pods_StellarRide.framework */,
				F84F5EC088D6F55A2B4861A1 /* Pods_StellarRide_StellarRideUITests.framework */,
				3EB811A929E7F2DEC4A9506B /* Pods_StellarRideTests.framework */,
			);
			name = Frameworks;
			sourceTree = "<group>";
		};
/* End PBXGroup section */

/* Begin PBXNativeTarget section */
		C98BDAA32A22A0540084143B /* StellarRide */ = {
			isa = PBXNativeTarget;
			buildConfigurationList = C98BDAC82A22A0550084143B /* Build configuration list for PBXNativeTarget "StellarRide" */;
			buildPhases = (
				4219080392E09F4C5FA7DF73 /* [CP] Check Pods Manifest.lock */,
				C98BDAA02A22A0540084143B /* Sources */,
				C98BDAA12A22A0540084143B /* Frameworks */,
				C98BDAA22A22A0540084143B /* Resources */,
				3B369E75F4F08D01362AD118 /* [CP] Embed Pods Frameworks */,
			);
			buildRules = (
			);
			dependencies = (
			);
			name = StellarRide;
			packageProductDependencies = (
				C9A9826D2A23BEF3000AEF19 /* SwiftUICalendar */,
			);
			productName = StellarRide;
			productReference = C98BDAA42A22A0540084143B /* StellarRide.app */;
			productType = "com.apple.product-type.application";
		};
		C98BDAB32A22A0550084143B /* StellarRideTests */ = {
			isa = PBXNativeTarget;
			buildConfigurationList = C98BDACB2A22A0550084143B /* Build configuration list for PBXNativeTarget "StellarRideTests" */;
			buildPhases = (
				979FD0A9BB4A55E49F57956F /* [CP] Check Pods Manifest.lock */,
				C98BDAB02A22A0550084143B /* Sources */,
				C98BDAB12A22A0550084143B /* Frameworks */,
				C98BDAB22A22A0550084143B /* Resources */,
			);
			buildRules = (
			);
			dependencies = (
				C98BDAB62A22A0550084143B /* PBXTargetDependency */,
			);
			name = StellarRideTests;
			productName = StellarRideTests;
			productReference = C98BDAB42A22A0550084143B /* StellarRideTests.xctest */;
			productType = "com.apple.product-type.bundle.unit-test";
		};
		C98BDABD2A22A0550084143B /* StellarRideUITests */ = {
			isa = PBXNativeTarget;
			buildConfigurationList = C98BDACE2A22A0550084143B /* Build configuration list for PBXNativeTarget "StellarRideUITests" */;
			buildPhases = (
				BB05C115856BB100BD3190AC /* [CP] Check Pods Manifest.lock */,
				C98BDABA2A22A0550084143B /* Sources */,
				C98BDABB2A22A0550084143B /* Frameworks */,
				C98BDABC2A22A0550084143B /* Resources */,
				40B0AD4602A43E6DFB761FA0 /* [CP] Embed Pods Frameworks */,
			);
			buildRules = (
			);
			dependencies = (
				C98BDAC02A22A0550084143B /* PBXTargetDependency */,
			);
			name = StellarRideUITests;
			productName = StellarRideUITests;
			productReference = C98BDABE2A22A0550084143B /* StellarRideUITests.xctest */;
			productType = "com.apple.product-type.bundle.ui-testing";
		};
/* End PBXNativeTarget section */

/* Begin PBXProject section */
		C98BDA9C2A22A0540084143B /* Project object */ = {
			isa = PBXProject;
			attributes = {
				BuildIndependentTargetsInParallel = 1;
				LastSwiftUpdateCheck = 1430;
				LastUpgradeCheck = 1430;
				TargetAttributes = {
					C98BDAA32A22A0540084143B = {
						CreatedOnToolsVersion = 14.3;
					};
					C98BDAB32A22A0550084143B = {
						CreatedOnToolsVersion = 14.3;
						TestTargetID = C98BDAA32A22A0540084143B;
					};
					C98BDABD2A22A0550084143B = {
						CreatedOnToolsVersion = 14.3;
						TestTargetID = C98BDAA32A22A0540084143B;
					};
				};
			};
			buildConfigurationList = C98BDA9F2A22A0540084143B /* Build configuration list for PBXProject "StellarRide" */;
			compatibilityVersion = "Xcode 14.0";
			developmentRegion = en;
			hasScannedForEncodings = 0;
			knownRegions = (
				en,
				Base,
			);
			mainGroup = C98BDA9B2A22A0540084143B;
			packageReferences = (
				C9A9826C2A23BEF3000AEF19 /* XCRemoteSwiftPackageReference "SwiftUICalendar" */,
			);
			productRefGroup = C98BDAA52A22A0540084143B /* Products */;
			projectDirPath = "";
			projectRoot = "";
			targets = (
				C98BDAA32A22A0540084143B /* StellarRide */,
				C98BDAB32A22A0550084143B /* StellarRideTests */,
				C98BDABD2A22A0550084143B /* StellarRideUITests */,
			);
		};
/* End PBXProject section */

/* Begin PBXResourcesBuildPhase section */
		C98BDAA22A22A0540084143B /* Resources */ = {
			isa = PBXResourcesBuildPhase;
			buildActionMask = 2147483647;
			files = (
				C98BDAAF2A22A0550084143B /* Preview Assets.xcassets in Resources */,
				C98BDAAC2A22A0550084143B /* Assets.xcassets in Resources */,
			);
			runOnlyForDeploymentPostprocessing = 0;
		};
		C98BDAB22A22A0550084143B /* Resources */ = {
			isa = PBXResourcesBuildPhase;
			buildActionMask = 2147483647;
			files = (
			);
			runOnlyForDeploymentPostprocessing = 0;
		};
		C98BDABC2A22A0550084143B /* Resources */ = {
			isa = PBXResourcesBuildPhase;
			buildActionMask = 2147483647;
			files = (
			);
			runOnlyForDeploymentPostprocessing = 0;
		};
/* End PBXResourcesBuildPhase section */

/* Begin PBXShellScriptBuildPhase section */
		3B369E75F4F08D01362AD118 /* [CP] Embed Pods Frameworks */ = {
			isa = PBXShellScriptBuildPhase;
			buildActionMask = 2147483647;
			files = (
			);
			inputFileListPaths = (
				"${PODS_ROOT}/Target Support Files/Pods-StellarRide/Pods-StellarRide-frameworks-${CONFIGURATION}-input-files.xcfilelist",
			);
			name = "[CP] Embed Pods Frameworks";
			outputFileListPaths = (
				"${PODS_ROOT}/Target Support Files/Pods-StellarRide/Pods-StellarRide-frameworks-${CONFIGURATION}-output-files.xcfilelist",
			);
			runOnlyForDeploymentPostprocessing = 0;
			shellPath = /bin/sh;
			shellScript = "\"${PODS_ROOT}/Target Support Files/Pods-StellarRide/Pods-StellarRide-frameworks.sh\"\n";
			showEnvVarsInLog = 0;
		};
		40B0AD4602A43E6DFB761FA0 /* [CP] Embed Pods Frameworks */ = {
			isa = PBXShellScriptBuildPhase;
			buildActionMask = 2147483647;
			files = (
			);
			inputFileListPaths = (
				"${PODS_ROOT}/Target Support Files/Pods-StellarRide-StellarRideUITests/Pods-StellarRide-StellarRideUITests-frameworks-${CONFIGURATION}-input-files.xcfilelist",
			);
			name = "[CP] Embed Pods Frameworks";
			outputFileListPaths = (
				"${PODS_ROOT}/Target Support Files/Pods-StellarRide-StellarRideUITests/Pods-StellarRide-StellarRideUITests-frameworks-${CONFIGURATION}-output-files.xcfilelist",
			);
			runOnlyForDeploymentPostprocessing = 0;
			shellPath = /bin/sh;
			shellScript = "\"${PODS_ROOT}/Target Support Files/Pods-StellarRide-StellarRideUITests/Pods-StellarRide-StellarRideUITests-frameworks.sh\"\n";
			showEnvVarsInLog = 0;
		};
		4219080392E09F4C5FA7DF73 /* [CP] Check Pods Manifest.lock */ = {
			isa = PBXShellScriptBuildPhase;
			buildActionMask = 2147483647;
			files = (
			);
			inputFileListPaths = (
			);
			inputPaths = (
				"${PODS_PODFILE_DIR_PATH}/Podfile.lock",
				"${PODS_ROOT}/Manifest.lock",
			);
			name = "[CP] Check Pods Manifest.lock";
			outputFileListPaths = (
			);
			outputPaths = (
				"$(DERIVED_FILE_DIR)/Pods-StellarRide-checkManifestLockResult.txt",
			);
			runOnlyForDeploymentPostprocessing = 0;
			shellPath = /bin/sh;
			shellScript = "diff \"${PODS_PODFILE_DIR_PATH}/Podfile.lock\" \"${PODS_ROOT}/Manifest.lock\" > /dev/null\nif [ $? != 0 ] ; then\n    # print error to STDERR\n    echo \"error: The sandbox is not in sync with the Podfile.lock. Run 'pod install' or update your CocoaPods installation.\" >&2\n    exit 1\nfi\n# This output is used by Xcode 'outputs' to avoid re-running this script phase.\necho \"SUCCESS\" > \"${SCRIPT_OUTPUT_FILE_0}\"\n";
			showEnvVarsInLog = 0;
		};
		979FD0A9BB4A55E49F57956F /* [CP] Check Pods Manifest.lock */ = {
			isa = PBXShellScriptBuildPhase;
			buildActionMask = 2147483647;
			files = (
			);
			inputFileListPaths = (
			);
			inputPaths = (
				"${PODS_PODFILE_DIR_PATH}/Podfile.lock",
				"${PODS_ROOT}/Manifest.lock",
			);
			name = "[CP] Check Pods Manifest.lock";
			outputFileListPaths = (
			);
			outputPaths = (
				"$(DERIVED_FILE_DIR)/Pods-StellarRideTests-checkManifestLockResult.txt",
			);
			runOnlyForDeploymentPostprocessing = 0;
			shellPath = /bin/sh;
			shellScript = "diff \"${PODS_PODFILE_DIR_PATH}/Podfile.lock\" \"${PODS_ROOT}/Manifest.lock\" > /dev/null\nif [ $? != 0 ] ; then\n    # print error to STDERR\n    echo \"error: The sandbox is not in sync with the Podfile.lock. Run 'pod install' or update your CocoaPods installation.\" >&2\n    exit 1\nfi\n# This output is used by Xcode 'outputs' to avoid re-running this script phase.\necho \"SUCCESS\" > \"${SCRIPT_OUTPUT_FILE_0}\"\n";
			showEnvVarsInLog = 0;
		};
		BB05C115856BB100BD3190AC /* [CP] Check Pods Manifest.lock */ = {
			isa = PBXShellScriptBuildPhase;
			buildActionMask = 2147483647;
			files = (
			);
			inputFileListPaths = (
			);
			inputPaths = (
				"${PODS_PODFILE_DIR_PATH}/Podfile.lock",
				"${PODS_ROOT}/Manifest.lock",
			);
			name = "[CP] Check Pods Manifest.lock";
			outputFileListPaths = (
			);
			outputPaths = (
				"$(DERIVED_FILE_DIR)/Pods-StellarRide-StellarRideUITests-checkManifestLockResult.txt",
			);
			runOnlyForDeploymentPostprocessing = 0;
			shellPath = /bin/sh;
			shellScript = "diff \"${PODS_PODFILE_DIR_PATH}/Podfile.lock\" \"${PODS_ROOT}/Manifest.lock\" > /dev/null\nif [ $? != 0 ] ; then\n    # print error to STDERR\n    echo \"error: The sandbox is not in sync with the Podfile.lock. Run 'pod install' or update your CocoaPods installation.\" >&2\n    exit 1\nfi\n# This output is used by Xcode 'outputs' to avoid re-running this script phase.\necho \"SUCCESS\" > \"${SCRIPT_OUTPUT_FILE_0}\"\n";
			showEnvVarsInLog = 0;
		};
/* End PBXShellScriptBuildPhase section */

/* Begin PBXSourcesBuildPhase section */
		C98BDAA02A22A0540084143B /* Sources */ = {
			isa = PBXSourcesBuildPhase;
			buildActionMask = 2147483647;
			files = (
				C9B2308E2A22AED100AEEF7B /* ContentView2.swift in Sources */,
				C9B230932A22BF2B00AEEF7B /* UICard.swift in Sources */,
				C9A982672A239144000AEF19 /* Loading.swift in Sources */,
				C9A9825B2A235E68000AEF19 /* SchedulingPage.swift in Sources */,
				C9A9825D2A2364AD000AEF19 /* TopBar2.swift in Sources */,
				C9A9826B2A23BB80000AEF19 /* CalendarView.swift in Sources */,
				C9A982702A23C258000AEF19 /* BookingSeats.swift in Sources */,
				C9A9825F2A236A32000AEF19 /* Weather.swift in Sources */,
				C98BDAAA2A22A0540084143B /* ContentView.swift in Sources */,
				C9695EB02A24083C0026D5FD /* FaceId.swift in Sources */,
				C9A982692A23B916000AEF19 /* ScheduleTrip.swift in Sources */,
				C9695EAE2A23F8610026D5FD /* TimeSlots.swift in Sources */,
				C98BDAA82A22A0540084143B /* StellarRideApp.swift in Sources */,
				C9B230952A22C94A00AEEF7B /* DescriptionBar.swift in Sources */,
				C9B230912A22BE2400AEEF7B /* TopBar.swift in Sources */,
				C9B230992A22D91B00AEEF7B /* TabBar.swift in Sources */,
				C9A982572A22FB9A000AEF19 /* HScroll.swift in Sources */,
				C9695E762A23F1950026D5FD /* locationCard.swift in Sources */,
				C9A982592A22FC57000AEF19 /* VScroll.swift in Sources */,
			);
			runOnlyForDeploymentPostprocessing = 0;
		};
		C98BDAB02A22A0550084143B /* Sources */ = {
			isa = PBXSourcesBuildPhase;
			buildActionMask = 2147483647;
			files = (
				C98BDAB92A22A0550084143B /* StellarRideTests.swift in Sources */,
			);
			runOnlyForDeploymentPostprocessing = 0;
		};
		C98BDABA2A22A0550084143B /* Sources */ = {
			isa = PBXSourcesBuildPhase;
			buildActionMask = 2147483647;
			files = (
				C98BDAC52A22A0550084143B /* StellarRideUITestsLaunchTests.swift in Sources */,
				C98BDAC32A22A0550084143B /* StellarRideUITests.swift in Sources */,
			);
			runOnlyForDeploymentPostprocessing = 0;
		};
/* End PBXSourcesBuildPhase section */

/* Begin PBXTargetDependency section */
		C98BDAB62A22A0550084143B /* PBXTargetDependency */ = {
			isa = PBXTargetDependency;
			target = C98BDAA32A22A0540084143B /* StellarRide */;
			targetProxy = C98BDAB52A22A0550084143B /* PBXContainerItemProxy */;
		};
		C98BDAC02A22A0550084143B /* PBXTargetDependency */ = {
			isa = PBXTargetDependency;
			target = C98BDAA32A22A0540084143B /* StellarRide */;
			targetProxy = C98BDABF2A22A0550084143B /* PBXContainerItemProxy */;
		};
/* End PBXTargetDependency section */

/* Begin XCBuildConfiguration section */
		C98BDAC62A22A0550084143B /* Debug */ = {
			isa = XCBuildConfiguration;
			buildSettings = {
				ALWAYS_SEARCH_USER_PATHS = NO;
				CLANG_ANALYZER_NONNULL = YES;
				CLANG_ANALYZER_NUMBER_OBJECT_CONVERSION = YES_AGGRESSIVE;
				CLANG_CXX_LANGUAGE_STANDARD = "gnu++20";
				CLANG_ENABLE_MODULES = YES;
				CLANG_ENABLE_OBJC_ARC = YES;
				CLANG_ENABLE_OBJC_WEAK = YES;
				CLANG_WARN_BLOCK_CAPTURE_AUTORELEASING = YES;
				CLANG_WARN_BOOL_CONVERSION = YES;
				CLANG_WARN_COMMA = YES;
				CLANG_WARN_CONSTANT_CONVERSION = YES;
				CLANG_WARN_DEPRECATED_OBJC_IMPLEMENTATIONS = YES;
				CLANG_WARN_DIRECT_OBJC_ISA_USAGE = YES_ERROR;
				CLANG_WARN_DOCUMENTATION_COMMENTS = YES;
				CLANG_WARN_EMPTY_BODY = YES;
				CLANG_WARN_ENUM_CONVERSION = YES;
				CLANG_WARN_INFINITE_RECURSION = YES;
				CLANG_WARN_INT_CONVERSION = YES;
				CLANG_WARN_NON_LITERAL_NULL_CONVERSION = YES;
				CLANG_WARN_OBJC_IMPLICIT_RETAIN_SELF = YES;
				CLANG_WARN_OBJC_LITERAL_CONVERSION = YES;
				CLANG_WARN_OBJC_ROOT_CLASS = YES_ERROR;
				CLANG_WARN_QUOTED_INCLUDE_IN_FRAMEWORK_HEADER = YES;
				CLANG_WARN_RANGE_LOOP_ANALYSIS = YES;
				CLANG_WARN_STRICT_PROTOTYPES = YES;
				CLANG_WARN_SUSPICIOUS_MOVE = YES;
				CLANG_WARN_UNGUARDED_AVAILABILITY = YES_AGGRESSIVE;
				CLANG_WARN_UNREACHABLE_CODE = YES;
				CLANG_WARN__DUPLICATE_METHOD_MATCH = YES;
				COPY_PHASE_STRIP = NO;
				DEBUG_INFORMATION_FORMAT = dwarf;
				ENABLE_STRICT_OBJC_MSGSEND = YES;
				ENABLE_TESTABILITY = YES;
				GCC_C_LANGUAGE_STANDARD = gnu11;
				GCC_DYNAMIC_NO_PIC = NO;
				GCC_NO_COMMON_BLOCKS = YES;
				GCC_OPTIMIZATION_LEVEL = 0;
				GCC_PREPROCESSOR_DEFINITIONS = (
					"DEBUG=1",
					"$(inherited)",
				);
				GCC_WARN_64_TO_32_BIT_CONVERSION = YES;
				GCC_WARN_ABOUT_RETURN_TYPE = YES_ERROR;
				GCC_WARN_UNDECLARED_SELECTOR = YES;
				GCC_WARN_UNINITIALIZED_AUTOS = YES_AGGRESSIVE;
				GCC_WARN_UNUSED_FUNCTION = YES;
				GCC_WARN_UNUSED_VARIABLE = YES;
				IPHONEOS_DEPLOYMENT_TARGET = 16.4;
				MTL_ENABLE_DEBUG_INFO = INCLUDE_SOURCE;
				MTL_FAST_MATH = YES;
				ONLY_ACTIVE_ARCH = YES;
				SDKROOT = iphoneos;
				SWIFT_ACTIVE_COMPILATION_CONDITIONS = DEBUG;
				SWIFT_OPTIMIZATION_LEVEL = "-Onone";
			};
			name = Debug;
		};
		C98BDAC72A22A0550084143B /* Release */ = {
			isa = XCBuildConfiguration;
			buildSettings = {
				ALWAYS_SEARCH_USER_PATHS = NO;
				CLANG_ANALYZER_NONNULL = YES;
				CLANG_ANALYZER_NUMBER_OBJECT_CONVERSION = YES_AGGRESSIVE;
				CLANG_CXX_LANGUAGE_STANDARD = "gnu++20";
				CLANG_ENABLE_MODULES = YES;
				CLANG_ENABLE_OBJC_ARC = YES;
				CLANG_ENABLE_OBJC_WEAK = YES;
				CLANG_WARN_BLOCK_CAPTURE_AUTORELEASING = YES;
				CLANG_WARN_BOOL_CONVERSION = YES;
				CLANG_WARN_COMMA = YES;
				CLANG_WARN_CONSTANT_CONVERSION = YES;
				CLANG_WARN_DEPRECATED_OBJC_IMPLEMENTATIONS = YES;
				CLANG_WARN_DIRECT_OBJC_ISA_USAGE = YES_ERROR;
				CLANG_WARN_DOCUMENTATION_COMMENTS = YES;
				CLANG_WARN_EMPTY_BODY = YES;
				CLANG_WARN_ENUM_CONVERSION = YES;
				CLANG_WARN_INFINITE_RECURSION = YES;
				CLANG_WARN_INT_CONVERSION = YES;
				CLANG_WARN_NON_LITERAL_NULL_CONVERSION = YES;
				CLANG_WARN_OBJC_IMPLICIT_RETAIN_SELF = YES;
				CLANG_WARN_OBJC_LITERAL_CONVERSION = YES;
				CLANG_WARN_OBJC_ROOT_CLASS = YES_ERROR;
				CLANG_WARN_QUOTED_INCLUDE_IN_FRAMEWORK_HEADER = YES;
				CLANG_WARN_RANGE_LOOP_ANALYSIS = YES;
				CLANG_WARN_STRICT_PROTOTYPES = YES;
				CLANG_WARN_SUSPICIOUS_MOVE = YES;
				CLANG_WARN_UNGUARDED_AVAILABILITY = YES_AGGRESSIVE;
				CLANG_WARN_UNREACHABLE_CODE = YES;
				CLANG_WARN__DUPLICATE_METHOD_MATCH = YES;
				COPY_PHASE_STRIP = NO;
				DEBUG_INFORMATION_FORMAT = "dwarf-with-dsym";
				ENABLE_NS_ASSERTIONS = NO;
				ENABLE_STRICT_OBJC_MSGSEND = YES;
				GCC_C_LANGUAGE_STANDARD = gnu11;
				GCC_NO_COMMON_BLOCKS = YES;
				GCC_WARN_64_TO_32_BIT_CONVERSION = YES;
				GCC_WARN_ABOUT_RETURN_TYPE = YES_ERROR;
				GCC_WARN_UNDECLARED_SELECTOR = YES;
				GCC_WARN_UNINITIALIZED_AUTOS = YES_AGGRESSIVE;
				GCC_WARN_UNUSED_FUNCTION = YES;
				GCC_WARN_UNUSED_VARIABLE = YES;
				IPHONEOS_DEPLOYMENT_TARGET = 16.4;
				MTL_ENABLE_DEBUG_INFO = NO;
				MTL_FAST_MATH = YES;
				SDKROOT = iphoneos;
				SWIFT_COMPILATION_MODE = wholemodule;
				SWIFT_OPTIMIZATION_LEVEL = "-O";
				VALIDATE_PRODUCT = YES;
			};
			name = Release;
		};
		C98BDAC92A22A0550084143B /* Debug */ = {
			isa = XCBuildConfiguration;
			baseConfigurationReference = D9B562D009E6AE3EE3664E44 /* Pods-StellarRide.debug.xcconfig */;
			buildSettings = {
				ASSETCATALOG_COMPILER_APPICON_NAME = AppIcon;
				ASSETCATALOG_COMPILER_GLOBAL_ACCENT_COLOR_NAME = AccentColor;
				CODE_SIGN_STYLE = Automatic;
				CURRENT_PROJECT_VERSION = 1;
				DEVELOPMENT_ASSET_PATHS = "\"StellarRide/Preview Content\"";
				ENABLE_PREVIEWS = YES;
				GENERATE_INFOPLIST_FILE = YES;
				INFOPLIST_KEY_UIApplicationSceneManifest_Generation = YES;
				INFOPLIST_KEY_UIApplicationSupportsIndirectInputEvents = YES;
				INFOPLIST_KEY_UILaunchScreen_Generation = YES;
				INFOPLIST_KEY_UISupportedInterfaceOrientations_iPad = "UIInterfaceOrientationPortrait UIInterfaceOrientationPortraitUpsideDown UIInterfaceOrientationLandscapeLeft UIInterfaceOrientationLandscapeRight";
				INFOPLIST_KEY_UISupportedInterfaceOrientations_iPhone = "UIInterfaceOrientationPortrait UIInterfaceOrientationLandscapeLeft UIInterfaceOrientationLandscapeRight";
				LD_RUNPATH_SEARCH_PATHS = (
					"$(inherited)",
					"@executable_path/Frameworks",
				);
				MARKETING_VERSION = 1.0;
				PRODUCT_BUNDLE_IDENTIFIER = in.edu.srmist.swiftui.StellarRide;
				PRODUCT_NAME = "$(TARGET_NAME)";
				SWIFT_EMIT_LOC_STRINGS = YES;
				SWIFT_VERSION = 5.0;
				TARGETED_DEVICE_FAMILY = "1,2";
			};
			name = Debug;
		};
		C98BDACA2A22A0550084143B /* Release */ = {
			isa = XCBuildConfiguration;
			baseConfigurationReference = F5F9F610912176E383CDA7C1 /* Pods-StellarRide.release.xcconfig */;
			buildSettings = {
				ASSETCATALOG_COMPILER_APPICON_NAME = AppIcon;
				ASSETCATALOG_COMPILER_GLOBAL_ACCENT_COLOR_NAME = AccentColor;
				CODE_SIGN_STYLE = Automatic;
				CURRENT_PROJECT_VERSION = 1;
				DEVELOPMENT_ASSET_PATHS = "\"StellarRide/Preview Content\"";
				ENABLE_PREVIEWS = YES;
				GENERATE_INFOPLIST_FILE = YES;
				INFOPLIST_KEY_UIApplicationSceneManifest_Generation = YES;
				INFOPLIST_KEY_UIApplicationSupportsIndirectInputEvents = YES;
				INFOPLIST_KEY_UILaunchScreen_Generation = YES;
				INFOPLIST_KEY_UISupportedInterfaceOrientations_iPad = "UIInterfaceOrientationPortrait UIInterfaceOrientationPortraitUpsideDown UIInterfaceOrientationLandscapeLeft UIInterfaceOrientationLandscapeRight";
				INFOPLIST_KEY_UISupportedInterfaceOrientations_iPhone = "UIInterfaceOrientationPortrait UIInterfaceOrientationLandscapeLeft UIInterfaceOrientationLandscapeRight";
				LD_RUNPATH_SEARCH_PATHS = (
					"$(inherited)",
					"@executable_path/Frameworks",
				);
				MARKETING_VERSION = 1.0;
				PRODUCT_BUNDLE_IDENTIFIER = in.edu.srmist.swiftui.StellarRide;
				PRODUCT_NAME = "$(TARGET_NAME)";
				SWIFT_EMIT_LOC_STRINGS = YES;
				SWIFT_VERSION = 5.0;
				TARGETED_DEVICE_FAMILY = "1,2";
			};
			name = Release;
		};
		C98BDACC2A22A0550084143B /* Debug */ = {
			isa = XCBuildConfiguration;
			baseConfigurationReference = 1C98AA1508E46EAFD29AFBEB /* Pods-StellarRideTests.debug.xcconfig */;
			buildSettings = {
				ALWAYS_EMBED_SWIFT_STANDARD_LIBRARIES = YES;
				BUNDLE_LOADER = "$(TEST_HOST)";
				CODE_SIGN_STYLE = Automatic;
				CURRENT_PROJECT_VERSION = 1;
				GENERATE_INFOPLIST_FILE = YES;
				IPHONEOS_DEPLOYMENT_TARGET = 16.4;
				MARKETING_VERSION = 1.0;
				PRODUCT_BUNDLE_IDENTIFIER = in.edu.srmist.swiftui.StellarRideTests;
				PRODUCT_NAME = "$(TARGET_NAME)";
				SWIFT_EMIT_LOC_STRINGS = NO;
				SWIFT_VERSION = 5.0;
				TARGETED_DEVICE_FAMILY = "1,2";
				TEST_HOST = "$(BUILT_PRODUCTS_DIR)/StellarRide.app/$(BUNDLE_EXECUTABLE_FOLDER_PATH)/StellarRide";
			};
			name = Debug;
		};
		C98BDACD2A22A0550084143B /* Release */ = {
			isa = XCBuildConfiguration;
			baseConfigurationReference = 39D0FD63D9AE6B5C319B1414 /* Pods-StellarRideTests.release.xcconfig */;
			buildSettings = {
				ALWAYS_EMBED_SWIFT_STANDARD_LIBRARIES = YES;
				BUNDLE_LOADER = "$(TEST_HOST)";
				CODE_SIGN_STYLE = Automatic;
				CURRENT_PROJECT_VERSION = 1;
				GENERATE_INFOPLIST_FILE = YES;
				IPHONEOS_DEPLOYMENT_TARGET = 16.4;
				MARKETING_VERSION = 1.0;
				PRODUCT_BUNDLE_IDENTIFIER = in.edu.srmist.swiftui.StellarRideTests;
				PRODUCT_NAME = "$(TARGET_NAME)";
				SWIFT_EMIT_LOC_STRINGS = NO;
				SWIFT_VERSION = 5.0;
				TARGETED_DEVICE_FAMILY = "1,2";
				TEST_HOST = "$(BUILT_PRODUCTS_DIR)/StellarRide.app/$(BUNDLE_EXECUTABLE_FOLDER_PATH)/StellarRide";
			};
			name = Release;
		};
		C98BDACF2A22A0550084143B /* Debug */ = {
			isa = XCBuildConfiguration;
			baseConfigurationReference = 82F339165D6444BD1371DB6E /* Pods-StellarRide-StellarRideUITests.debug.xcconfig */;
			buildSettings = {
				ALWAYS_EMBED_SWIFT_STANDARD_LIBRARIES = YES;
				CODE_SIGN_STYLE = Automatic;
				CURRENT_PROJECT_VERSION = 1;
				GENERATE_INFOPLIST_FILE = YES;
				MARKETING_VERSION = 1.0;
				PRODUCT_BUNDLE_IDENTIFIER = in.edu.srmist.swiftui.StellarRideUITests;
				PRODUCT_NAME = "$(TARGET_NAME)";
				SWIFT_EMIT_LOC_STRINGS = NO;
				SWIFT_VERSION = 5.0;
				TARGETED_DEVICE_FAMILY = "1,2";
				TEST_TARGET_NAME = StellarRide;
			};
			name = Debug;
		};
		C98BDAD02A22A0550084143B /* Release */ = {
			isa = XCBuildConfiguration;
			baseConfigurationReference = EEABFEB960F68C3E36BA4A46 /* Pods-StellarRide-StellarRideUITests.release.xcconfig */;
			buildSettings = {
				ALWAYS_EMBED_SWIFT_STANDARD_LIBRARIES = YES;
				CODE_SIGN_STYLE = Automatic;
				CURRENT_PROJECT_VERSION = 1;
				GENERATE_INFOPLIST_FILE = YES;
				MARKETING_VERSION = 1.0;
				PRODUCT_BUNDLE_IDENTIFIER = in.edu.srmist.swiftui.StellarRideUITests;
				PRODUCT_NAME = "$(TARGET_NAME)";
				SWIFT_EMIT_LOC_STRINGS = NO;
				SWIFT_VERSION = 5.0;
				TARGETED_DEVICE_FAMILY = "1,2";
				TEST_TARGET_NAME = StellarRide;
			};
			name = Release;
		};
/* End XCBuildConfiguration section */

/* Begin XCConfigurationList section */
		C98BDA9F2A22A0540084143B /* Build configuration list for PBXProject "StellarRide" */ = {
			isa = XCConfigurationList;
			buildConfigurations = (
				C98BDAC62A22A0550084143B /* Debug */,
				C98BDAC72A22A0550084143B /* Release */,
			);
			defaultConfigurationIsVisible = 0;
			defaultConfigurationName = Release;
		};
		C98BDAC82A22A0550084143B /* Build configuration list for PBXNativeTarget "StellarRide" */ = {
			isa = XCConfigurationList;
			buildConfigurations = (
				C98BDAC92A22A0550084143B /* Debug */,
				C98BDACA2A22A0550084143B /* Release */,
			);
			defaultConfigurationIsVisible = 0;
			defaultConfigurationName = Release;
		};
		C98BDACB2A22A0550084143B /* Build configuration list for PBXNativeTarget "StellarRideTests" */ = {
			isa = XCConfigurationList;
			buildConfigurations = (
				C98BDACC2A22A0550084143B /* Debug */,
				C98BDACD2A22A0550084143B /* Release */,
			);
			defaultConfigurationIsVisible = 0;
			defaultConfigurationName = Release;
		};
		C98BDACE2A22A0550084143B /* Build configuration list for PBXNativeTarget "StellarRideUITests" */ = {
			isa = XCConfigurationList;
			buildConfigurations = (
				C98BDACF2A22A0550084143B /* Debug */,
				C98BDAD02A22A0550084143B /* Release */,
			);
			defaultConfigurationIsVisible = 0;
			defaultConfigurationName = Release;
		};
/* End XCConfigurationList section */

/* Begin XCRemoteSwiftPackageReference section */
		C9A9826C2A23BEF3000AEF19 /* XCRemoteSwiftPackageReference "SwiftUICalendar" */ = {
			isa = XCRemoteSwiftPackageReference;
			repositoryURL = "https://github.com/GGJJack/SwiftUICalendar";
			requirement = {
				kind = upToNextMajorVersion;
				minimumVersion = 0.1.14;
			};
		};
/* End XCRemoteSwiftPackageReference section */

/* Begin XCSwiftPackageProductDependency section */
		C9A9826D2A23BEF3000AEF19 /* SwiftUICalendar */ = {
			isa = XCSwiftPackageProductDependency;
			package = C9A9826C2A23BEF3000AEF19 /* XCRemoteSwiftPackageReference "SwiftUICalendar" */;
			productName = SwiftUICalendar;
		};
/* End XCSwiftPackageProductDependency section */
	};
	rootObject = C98BDA9C2A22A0540084143B /* Project object */;
}
